{
  "name": "pwasm-as",
  "version": "0.0.0",
  "lockfileVersion": 1,
  "requires": true,
  "dependencies": {
    "@protobufjs/utf8": {
      "version": "1.1.0",
      "resolved": "https://registry.npmjs.org/@protobufjs/utf8/-/utf8-1.1.0.tgz",
      "integrity": "sha1-p3c2C1s5oaLlEG+OhY8v0tBgxXA=",
      "dev": true
    },
    "assemblyscript": {
      "version": "github:AssemblyScript/assemblyscript#585d2461657ffd9a82688c0a0f620e3a7e748767",
      "from": "github:AssemblyScript/assemblyscript",
      "dev": true,
      "requires": {
        "@protobufjs/utf8": "^1.1.0",
        "binaryen": "48.0.0-nightly.20180627",
        "long": "^4.0.0"
      }
    },
    "binaryen": {
      "version": "48.0.0-nightly.20180627",
      "resolved": "https://registry.npmjs.org/binaryen/-/binaryen-48.0.0-nightly.20180627.tgz",
      "integrity": "sha512-ZBXSVMoXb+LDiPX3Epdis57KJIqhSkvC3y8i0SEMCkOtErrAlEiS//UBrXBDUaqB12h0qU9gjNSC9iD987w7QQ==",
      "dev": true
    },
    "long": {
      "version": "4.0.0",
      "resolved": "https://registry.npmjs.org/long/-/long-4.0.0.tgz",
      "integrity": "sha512-XsP+KhQif4bjX1kbuSiySJFNAehNxgLb6hPRGJ9QsUr8ajHkuXGdrHmFUTUUXhDwVX2R5bY4JNZEwbUiMhV+MA==",
      "dev": true
    },
    "typescript": {
      "version": "2.9.2",
      "resolved": "https://registry.npmjs.org/typescript/-/typescript-2.9.2.tgz",
      "integrity": "sha512-Gr4p6nFNaoufRIY4NMdpQRNmgxVIGMs4Fcu/ujdYk3nAZqk7supzBE9idmvfZIlH/Cuj//dvi+019qEue9lV0w==",
      "dev": true
    }
  }
}
